
Microsoft Visual Studio Solution File, Format Version 12.00
# Visual Studio Version 17
VisualStudioVersion = 17.9.34723.18
MinimumVisualStudioVersion = 10.0.40219.1
Project("{FAE04EC0-301F-11D3-BF4B-00C04F79EFBC}") = "tp-lab", "tp-lab\tp-lab.csproj", "{1A48817E-4058-48B1-BFFE-9B3ADC845FBE}"
EndProject
Global
	GlobalSection(SolutionConfigurationPlatforms) = preSolution
		Debug|Any CPU = Debug|Any CPU
		Release|Any CPU = Release|Any CPU
	EndGlobalSection
	GlobalSection(ProjectConfigurationPlatforms) = postSolution
		{1A48817E-4058-48B1-BFFE-9B3ADC845FBE}.Debug|Any CPU.ActiveCfg = Debug|Any CPU
		{1A48817E-4058-48B1-BFFE-9B3ADC845FBE}.Debug|Any CPU.Build.0 = Debug|Any CPU
		{1A48817E-4058-48B1-BFFE-9B3ADC845FBE}.Release|Any CPU.ActiveCfg = Release|Any CPU
		{1A48817E-4058-48B1-BFFE-9B3ADC845FBE}.Release|Any CPU.Build.0 = Release|Any CPU
	EndGlobalSection
	GlobalSection(SolutionProperties) = preSolution
		HideSolutionNode = FALSE
	EndGlobalSection
	GlobalSection(ExtensibilityGlobals) = postSolution
		SolutionGuid = {55081E28-F376-4B59-A4A9-FEA0EBA99E01}
	EndGlobalSection
EndGlobal
